PODS:
  - AFNetworking (3.1.0):
    - AFNetworking/NSURLSession (= 3.1.0)
    - AFNetworking/Reachability (= 3.1.0)
    - AFNetworking/Security (= 3.1.0)
    - AFNetworking/Serialization (= 3.1.0)
    - AFNetworking/UIKit (= 3.1.0)
  - AFNetworking/NSURLSession (3.1.0):
    - AFNetworking/Reachability
    - AFNetworking/Security
    - AFNetworking/Serialization
  - AFNetworking/Reachability (3.1.0)
  - AFNetworking/Security (3.1.0)
  - AFNetworking/Serialization (3.1.0)
  - AFNetworking/UIKit (3.1.0):
    - AFNetworking/NSURLSession
  - CYLTabBarController (1.10.0)
  - IQKeyboardManager (4.0.9)
  - MBProgressHUD (1.0.0)
  - MJExtension (3.0.13)
  - MJRefresh (3.1.12)
  - RATreeView (2.1.2)
  - ReactiveCocoa (2.5):
    - ReactiveCocoa/UI (= 2.5)
  - ReactiveCocoa/Core (2.5):
    - ReactiveCocoa/no-arc
  - ReactiveCocoa/no-arc (2.5)
  - ReactiveCocoa/UI (2.5):
    - ReactiveCocoa/Core
  - SDCycleScrollView (1.65):
    - SDWebImage (~> 3.7)
  - SDWebImage (3.8.2):
    - SDWebImage/Core (= 3.8.2)
  - SDWebImage/Core (3.8.2)
  - UITableView+FDTemplateLayoutCell (1.4)
  - UITextView+Placeholder (1.2.0)
  - UMengAnalytics-NO-IDFA (4.2.5)
  - UMengSocial (4.4)
  - XAspect (1.0.5):
    - XAspect/Core (= 1.0.5)
    - XAspect/Macros (= 1.0.5)
  - XAspect/Core (1.0.5):
    - XAspect/Macros
  - XAspect/Macros (1.0.5)
  - YYKit (1.0.9):
    - YYKit/no-arc (= 1.0.9)
  - YYKit/no-arc (1.0.9)

DEPENDENCIES:
  - AFNetworking (~> 3.0)
  - CYLTabBarController
  - IQKeyboardManager
  - MBProgressHUD
  - MJExtension (~> 3.0)
  - MJRefresh (~> 3.0)
  - RATreeView (~> 2.1.2)
  - ReactiveCocoa (= 2.5)
  - SDCycleScrollView (~> 1.64)
  - SDWebImage
  - UITableView+FDTemplateLayoutCell
  - UITextView+Placeholder (~> 1.2)
  - UMengAnalytics-NO-IDFA
  - UMengSocial (~> 4.3)
  - XAspect
  - YYKit

SPEC CHECKSUMS:
  AFNetworking: 5e0e199f73d8626b11e79750991f5d173d1f8b67
  CYLTabBarController: 2de9a4c26f50d33574398becf8e7b0aaed794240
  IQKeyboardManager: 322c7405df3eb5f7e50dede32ea937bf3d4364e0
  MBProgressHUD: 4890f671c94e8a0f3cf959aa731e9de2f036d71a
  MJExtension: 5932755f451458eefa24239358817f8d291240c7
  MJRefresh: b96cdb21c4aa75a7b07654311ab2f315c497e806
  RATreeView: 380cde0090cfde21dc6ac29137f49d3b768fdd28
  ReactiveCocoa: e2db045570aa97c695e7aa97c2bcab222ae51f4a
  SDCycleScrollView: f72904c77698a7f93a41bcbbc2d78b073bf7326c
  SDWebImage: 098e97e6176540799c27e804c96653ee0833d13c
  UITableView+FDTemplateLayoutCell: 234e1582bcc4e18461af91155123bb96538ed030
  UITextView+Placeholder: 77680995fcdd07c3f52ec92fe1150874a2ac89ff
  UMengAnalytics-NO-IDFA: 16666e32edce5be44ae5b14aaaa7f3582e09d6ab
  UMengSocial: aba7296602310385114d82c255539a7bef3b7ab0
  XAspect: db50bf487f92dbb8557a7a5365556966c8493af8
  YYKit: 7cda43304a8dc3696c449041e2cb3107b4e236e7

PODFILE CHECKSUM: 0a39a26d1224de7634b0f96bfc3e48406a6566de

COCOAPODS: 1.1.0.rc.3
